// !$*UTF8*$!
{
	archiveVersion = 1;
	classes = {
	};
	objectVersion = 50;
	objects = {

/* Begin PBXBuildFile section */
		88045403255DFD8900BD619E /* CoursesView.swift in Sources */ = {isa = PBXBuildFile; fileRef = 88045402255DFD8900BD619E /* CoursesView.swift */; };
		884780D8255D6C1B004D3782 /* Extensions.swift in Sources */ = {isa = PBXBuildFile; fileRef = 884780D7255D6C1B004D3782 /* Extensions.swift */; };
		8884DCB0255EC67D003EAAA3 /* Course.swift in Sources */ = {isa = PBXBuildFile; fileRef = 8884DCAF255EC67D003EAAA3 /* Course.swift */; };
		88DF48C2255CAAEB003E9153 /* AppDelegate.swift in Sources */ = {isa = PBXBuildFile; fileRef = 88DF48C1255CAAEB003E9153 /* AppDelegate.swift */; };
		88DF48C4255CAAEB003E9153 /* SceneDelegate.swift in Sources */ = {isa = PBXBuildFile; fileRef = 88DF48C3255CAAEB003E9153 /* SceneDelegate.swift */; };
		88DF48C6255CAAEB003E9153 /* ViewController.swift in Sources */ = {isa = PBXBuildFile; fileRef = 88DF48C5255CAAEB003E9153 /* ViewController.swift */; };
		88DF48C9255CAAEB003E9153 /* Main.storyboard in Resources */ = {isa = PBXBuildFile; fileRef = 88DF48C7255CAAEB003E9153 /* Main.storyboard */; };
		88DF48CC255CAAEB003E9153 /* FitnessApp.xcdatamodeld in Sources */ = {isa = PBXBuildFile; fileRef = 88DF48CA255CAAEB003E9153 /* FitnessApp.xcdatamodeld */; };
		88DF48CE255CAAF0003E9153 /* Assets.xcassets in Resources */ = {isa = PBXBuildFile; fileRef = 88DF48CD255CAAF0003E9153 /* Assets.xcassets */; };
		88DF48D1255CAAF0003E9153 /* LaunchScreen.storyboard in Resources */ = {isa = PBXBuildFile; fileRef = 88DF48CF255CAAF0003E9153 /* LaunchScreen.storyboard */; };
/* End PBXBuildFile section */

/* Begin PBXFileReference section */
		88045402255DFD8900BD619E /* CoursesView.swift */ = {isa = PBXFileReference; lastKnownFileType = sourcecode.swift; path = CoursesView.swift; sourceTree = "<group>"; };
		884780D7255D6C1B004D3782 /* Extensions.swift */ = {isa = PBXFileReference; lastKnownFileType = sourcecode.swift; path = Extensions.swift; sourceTree = "<group>"; };
		8884DCAF255EC67D003EAAA3 /* Course.swift */ = {isa = PBXFileReference; lastKnownFileType = sourcecode.swift; path = Course.swift; sourceTree = "<group>"; };
		88DF48BE255CAAEB003E9153 /* FitnessApp.app */ = {isa = PBXFileReference; explicitFileType = wrapper.application; includeInIndex = 0; path = FitnessApp.app; sourceTree = BUILT_PRODUCTS_DIR; };
		88DF48C1255CAAEB003E9153 /* AppDelegate.swift */ = {isa = PBXFileReference; lastKnownFileType = sourcecode.swift; path = AppDelegate.swift; sourceTree = "<group>"; };
		88DF48C3255CAAEB003E9153 /* SceneDelegate.swift */ = {isa = PBXFileReference; lastKnownFileType = sourcecode.swift; path = SceneDelegate.swift; sourceTree = "<group>"; };
		88DF48C5255CAAEB003E9153 /* ViewController.swift */ = {isa = PBXFileReference; lastKnownFileType = sourcecode.swift; path = ViewController.swift; sourceTree = "<group>"; };
		88DF48C8255CAAEB003E9153 /* Base */ = {isa = PBXFileReference; lastKnownFileType = file.storyboard; name = Base; path = Base.lproj/Main.storyboard; sourceTree = "<group>"; };
		88DF48CB255CAAEB003E9153 /* FitnessApp.xcdatamodel */ = {isa = PBXFileReference; lastKnownFileType = wrapper.xcdatamodel; path = FitnessApp.xcdatamodel; sourceTree = "<group>"; };
		88DF48CD255CAAF0003E9153 /* Assets.xcassets */ = {isa = PBXFileReference; lastKnownFileType = folder.assetcatalog; path = Assets.xcassets; sourceTree = "<group>"; };
		88DF48D0255CAAF0003E9153 /* Base */ = {isa = PBXFileReference; lastKnownFileType = file.storyboard; name = Base; path = Base.lproj/LaunchScreen.storyboard; sourceTree = "<group>"; };
		88DF48D2255CAAF0003E9153 /* Info.plist */ = {isa = PBXFileReference; lastKnownFileType = text.plist.xml; path = Info.plist; sourceTree = "<group>"; };
/* End PBXFileReference section */

/* Begin PBXFrameworksBuildPhase section */
		88DF48BB255CAAEB003E9153 /* Frameworks */ = {
			isa = PBXFrameworksBuildPhase;
			buildActionMask = 2147483647;
			files = (
			);
			runOnlyForDeploymentPostprocessing = 0;
		};
/* End PBXFrameworksBuildPhase section */

/* Begin PBXGroup section */
		88045401255DFD5000BD619E /* Views */ = {
			isa = PBXGroup;
			children = (
				88045402255DFD8900BD619E /* CoursesView.swift */,
			);
			path = Views;
			sourceTree = "<group>";
		};
		884780D5255D6BFD004D3782 /* Resources */ = {
			isa = PBXGroup;
			children = (
				884780D7255D6C1B004D3782 /* Extensions.swift */,
			);
			path = Resources;
			sourceTree = "<group>";
		};
		884780D6255D6C05004D3782 /* Controllers */ = {
			isa = PBXGroup;
			children = (
				88DF48C5255CAAEB003E9153 /* ViewController.swift */,
			);
			path = Controllers;
			sourceTree = "<group>";
		};
		8884DCAE255EC66E003EAAA3 /* Models */ = {
			isa = PBXGroup;
			children = (
				8884DCAF255EC67D003EAAA3 /* Course.swift */,
			);
			path = Models;
			sourceTree = "<group>";
		};
		88DF48B5255CAAEB003E9153 = {
			isa = PBXGroup;
			children = (
				88DF48C0255CAAEB003E9153 /* FitnessApp */,
				88DF48BF255CAAEB003E9153 /* Products */,
			);
			sourceTree = "<group>";
		};
		88DF48BF255CAAEB003E9153 /* Products */ = {
			isa = PBXGroup;
			children = (
				88DF48BE255CAAEB003E9153 /* FitnessApp.app */,
			);
			name = Products;
			sourceTree = "<group>";
		};
		88DF48C0255CAAEB003E9153 /* FitnessApp */ = {
			isa = PBXGroup;
			children = (
				8884DCAE255EC66E003EAAA3 /* Models */,
				884780D5255D6BFD004D3782 /* Resources */,
				88045401255DFD5000BD619E /* Views */,
				884780D6255D6C05004D3782 /* Controllers */,
				88DF48C1255CAAEB003E9153 /* AppDelegate.swift */,
				88DF48C3255CAAEB003E9153 /* SceneDelegate.swift */,
				88DF48C7255CAAEB003E9153 /* Main.storyboard */,
				88DF48CD255CAAF0003E9153 /* Assets.xcassets */,
				88DF48CF255CAAF0003E9153 /* LaunchScreen.storyboard */,
				88DF48D2255CAAF0003E9153 /* Info.plist */,
				88DF48CA255CAAEB003E9153 /* FitnessApp.xcdatamodeld */,
			);
			path = FitnessApp;
			sourceTree = "<group>";
		};
/* End PBXGroup section */

/* Begin PBXNativeTarget section */
		88DF48BD255CAAEB003E9153 /* FitnessApp */ = {
			isa = PBXNativeTarget;
			buildConfigurationList = 88DF48D5255CAAF0003E9153 /* Build configuration list for PBXNativeTarget "FitnessApp" */;
			buildPhases = (
				88DF48BA255CAAEB003E9153 /* Sources */,
				88DF48BB255CAAEB003E9153 /* Frameworks */,
				88DF48BC255CAAEB003E9153 /* Resources */,
			);
			buildRules = (
			);
			dependencies = (
			);
			name = FitnessApp;
			productName = FitnessApp;
			productReference = 88DF48BE255CAAEB003E9153 /* FitnessApp.app */;
			productType = "com.apple.product-type.application";
		};
/* End PBXNativeTarget section */

/* Begin PBXProject section */
		88DF48B6255CAAEB003E9153 /* Project object */ = {
			isa = PBXProject;
			attributes = {
				LastSwiftUpdateCheck = 1210;
				LastUpgradeCheck = 1210;
				TargetAttributes = {
					88DF48BD255CAAEB003E9153 = {
						CreatedOnToolsVersion = 12.1;
					};
				};
			};
			buildConfigurationList = 88DF48B9255CAAEB003E9153 /* Build configuration list for PBXProject "FitnessApp" */;
			compatibilityVersion = "Xcode 9.3";
			developmentRegion = en;
			hasScannedForEncodings = 0;
			knownRegions = (
				en,
				Base,
			);
			mainGroup = 88DF48B5255CAAEB003E9153;
			productRefGroup = 88DF48BF255CAAEB003E9153 /* Products */;
			projectDirPath = "";
			projectRoot = "";
			targets = (
				88DF48BD255CAAEB003E9153 /* FitnessApp */,
			);
		};
/* End PBXProject section */

/* Begin PBXResourcesBuildPhase section */
		88DF48BC255CAAEB003E9153 /* Resources */ = {
			isa = PBXResourcesBuildPhase;
			buildActionMask = 2147483647;
			files = (
				88DF48D1255CAAF0003E9153 /* LaunchScreen.storyboard in Resources */,
				88DF48CE255CAAF0003E9153 /* Assets.xcassets in Resources */,
				88DF48C9255CAAEB003E9153 /* Main.storyboard in Resources */,
			);
			runOnlyForDeploymentPostprocessing = 0;
		};
/* End PBXResourcesBuildPhase section */

/* Begin PBXSourcesBuildPhase section */
		88DF48BA255CAAEB003E9153 /* Sources */ = {
			isa = PBXSourcesBuildPhase;
			buildActionMask = 2147483647;
			files = (
				88DF48CC255CAAEB003E9153 /* FitnessApp.xcdatamodeld in Sources */,
				8884DCB0255EC67D003EAAA3 /* Course.swift in Sources */,
				88DF48C6255CAAEB003E9153 /* ViewController.swift in Sources */,
				884780D8255D6C1B004D3782 /* Extensions.swift in Sources */,
				88DF48C2255CAAEB003E9153 /* AppDelegate.swift in Sources */,
				88DF48C4255CAAEB003E9153 /* SceneDelegate.swift in Sources */,
				88045403255DFD8900BD619E /* CoursesView.swift in Sources */,
			);
			runOnlyForDeploymentPostprocessing = 0;
		};
/* End PBXSourcesBuildPhase section */

/* Begin PBXVariantGroup section */
		88DF48C7255CAAEB003E9153 /* Main.storyboard */ = {
			isa = PBXVariantGroup;
			children = (
				88DF48C8255CAAEB003E9153 /* Base */,
			);
			name = Main.storyboard;
			sourceTree = "<group>";
		};
		88DF48CF255CAAF0003E9153 /* LaunchScreen.storyboard */ = {
			isa = PBXVariantGroup;
			children = (
				88DF48D0255CAAF0003E9153 /* Base */,
			);
			name = LaunchScreen.storyboard;
			sourceTree = "<group>";
		};
/* End PBXVariantGroup section */

/* Begin XCBuildConfiguration section */
		88DF48D3255CAAF0003E9153 /* Debug */ = {
			isa = XCBuildConfiguration;
			buildSettings = {
				ALWAYS_SEARCH_USER_PATHS = NO;
				CLANG_ANALYZER_NONNULL = YES;
				CLANG_ANALYZER_NUMBER_OBJECT_CONVERSION = YES_AGGRESSIVE;
				CLANG_CXX_LANGUAGE_STANDARD = "gnu++14";
				CLANG_CXX_LIBRARY = "libc++";
				CLANG_ENABLE_MODULES = YES;
				CLANG_ENABLE_OBJC_ARC = YES;
				CLANG_ENABLE_OBJC_WEAK = YES;
				CLANG_WARN_BLOCK_CAPTURE_AUTORELEASING = YES;
				CLANG_WARN_BOOL_CONVERSION = YES;
				CLANG_WARN_COMMA = YES;
				CLANG_WARN_CONSTANT_CONVERSION = YES;
				CLANG_WARN_DEPRECATED_OBJC_IMPLEMENTATIONS = YES;
				CLANG_WARN_DIRECT_OBJC_ISA_USAGE = YES_ERROR;
				CLANG_WARN_DOCUMENTATION_COMMENTS = YES;
				CLANG_WARN_EMPTY_BODY = YES;
				CLANG_WARN_ENUM_CONVERSION = YES;
				CLANG_WARN_INFINITE_RECURSION = YES;
				CLANG_WARN_INT_CONVERSION = YES;
				CLANG_WARN_NON_LITERAL_NULL_CONVERSION = YES;
				CLANG_WARN_OBJC_IMPLICIT_RETAIN_SELF = YES;
				CLANG_WARN_OBJC_LITERAL_CONVERSION = YES;
				CLANG_WARN_OBJC_ROOT_CLASS = YES_ERROR;
				CLANG_WARN_QUOTED_INCLUDE_IN_FRAMEWORK_HEADER = YES;
				CLANG_WARN_RANGE_LOOP_ANALYSIS = YES;
				CLANG_WARN_STRICT_PROTOTYPES = YES;
				CLANG_WARN_SUSPICIOUS_MOVE = YES;
				CLANG_WARN_UNGUARDED_AVAILABILITY = YES_AGGRESSIVE;
				CLANG_WARN_UNREACHABLE_CODE = YES;
				CLANG_WARN__DUPLICATE_METHOD_MATCH = YES;
				COPY_PHASE_STRIP = NO;
				DEBUG_INFORMATION_FORMAT = dwarf;
				ENABLE_STRICT_OBJC_MSGSEND = YES;
				ENABLE_TESTABILITY = YES;
				GCC_C_LANGUAGE_STANDARD = gnu11;
				GCC_DYNAMIC_NO_PIC = NO;
				GCC_NO_COMMON_BLOCKS = YES;
				GCC_OPTIMIZATION_LEVEL = 0;
				GCC_PREPROCESSOR_DEFINITIONS = (
					"DEBUG=1",
					"$(inherited)",
				);
				GCC_WARN_64_TO_32_BIT_CONVERSION = YES;
				GCC_WARN_ABOUT_RETURN_TYPE = YES_ERROR;
				GCC_WARN_UNDECLARED_SELECTOR = YES;
				GCC_WARN_UNINITIALIZED_AUTOS = YES_AGGRESSIVE;
				GCC_WARN_UNUSED_FUNCTION = YES;
				GCC_WARN_UNUSED_VARIABLE = YES;
				IPHONEOS_DEPLOYMENT_TARGET = 14.0;
				MTL_ENABLE_DEBUG_INFO = INCLUDE_SOURCE;
				MTL_FAST_MATH = YES;
				ONLY_ACTIVE_ARCH = YES;
				SDKROOT = iphoneos;
				SWIFT_ACTIVE_COMPILATION_CONDITIONS = DEBUG;
				SWIFT_OPTIMIZATION_LEVEL = "-Onone";
			};
			name = Debug;
		};
		88DF48D4255CAAF0003E9153 /* Release */ = {
			isa = XCBuildConfiguration;
			buildSettings = {
				ALWAYS_SEARCH_USER_PATHS = NO;
				CLANG_ANALYZER_NONNULL = YES;
				CLANG_ANALYZER_NUMBER_OBJECT_CONVERSION = YES_AGGRESSIVE;
				CLANG_CXX_LANGUAGE_STANDARD = "gnu++14";
				CLANG_CXX_LIBRARY = "libc++";
				CLANG_ENABLE_MODULES = YES;
				CLANG_ENABLE_OBJC_ARC = YES;
				CLANG_ENABLE_OBJC_WEAK = YES;
				CLANG_WARN_BLOCK_CAPTURE_AUTORELEASING = YES;
				CLANG_WARN_BOOL_CONVERSION = YES;
				CLANG_WARN_COMMA = YES;
				CLANG_WARN_CONSTANT_CONVERSION = YES;
				CLANG_WARN_DEPRECATED_OBJC_IMPLEMENTATIONS = YES;
				CLANG_WARN_DIRECT_OBJC_ISA_USAGE = YES_ERROR;
				CLANG_WARN_DOCUMENTATION_COMMENTS = YES;
				CLANG_WARN_EMPTY_BODY = YES;
				CLANG_WARN_ENUM_CONVERSION = YES;
				CLANG_WARN_INFINITE_RECURSION = YES;
				CLANG_WARN_INT_CONVERSION = YES;
				CLANG_WARN_NON_LITERAL_NULL_CONVERSION = YES;
				CLANG_WARN_OBJC_IMPLICIT_RETAIN_SELF = YES;
				CLANG_WARN_OBJC_LITERAL_CONVERSION = YES;
				CLANG_WARN_OBJC_ROOT_CLASS = YES_ERROR;
				CLANG_WARN_QUOTED_INCLUDE_IN_FRAMEWORK_HEADER = YES;
				CLANG_WARN_RANGE_LOOP_ANALYSIS = YES;
				CLANG_WARN_STRICT_PROTOTYPES = YES;
				CLANG_WARN_SUSPICIOUS_MOVE = YES;
				CLANG_WARN_UNGUARDED_AVAILABILITY = YES_AGGRESSIVE;
				CLANG_WARN_UNREACHABLE_CODE = YES;
				CLANG_WARN__DUPLICATE_METHOD_MATCH = YES;
				COPY_PHASE_STRIP = NO;
				DEBUG_INFORMATION_FORMAT = "dwarf-with-dsym";
				ENABLE_NS_ASSERTIONS = NO;
				ENABLE_STRICT_OBJC_MSGSEND = YES;
				GCC_C_LANGUAGE_STANDARD = gnu11;
				GCC_NO_COMMON_BLOCKS = YES;
				GCC_WARN_64_TO_32_BIT_CONVERSION = YES;
				GCC_WARN_ABOUT_RETURN_TYPE = YES_ERROR;
				GCC_WARN_UNDECLARED_SELECTOR = YES;
				GCC_WARN_UNINITIALIZED_AUTOS = YES_AGGRESSIVE;
				GCC_WARN_UNUSED_FUNCTION = YES;
				GCC_WARN_UNUSED_VARIABLE = YES;
				IPHONEOS_DEPLOYMENT_TARGET = 14.0;
				MTL_ENABLE_DEBUG_INFO = NO;
				MTL_FAST_MATH = YES;
				SDKROOT = iphoneos;
				SWIFT_COMPILATION_MODE = wholemodule;
				SWIFT_OPTIMIZATION_LEVEL = "-O";
				VALIDATE_PRODUCT = YES;
			};
			name = Release;
		};
		88DF48D6255CAAF0003E9153 /* Debug */ = {
			isa = XCBuildConfiguration;
			buildSettings = {
				ASSETCATALOG_COMPILER_APPICON_NAME = AppIcon;
				ASSETCATALOG_COMPILER_GLOBAL_ACCENT_COLOR_NAME = AccentColor;
				CODE_SIGN_STYLE = Automatic;
				DEVELOPMENT_TEAM = 87N7QPTHS6;
				INFOPLIST_FILE = FitnessApp/Info.plist;
				LD_RUNPATH_SEARCH_PATHS = (
					"$(inherited)",
					"@executable_path/Frameworks",
				);
				PRODUCT_BUNDLE_IDENTIFIER = com.beaxhem.FitnessApp;
				PRODUCT_NAME = "$(TARGET_NAME)";
				SWIFT_VERSION = 5.0;
				TARGETED_DEVICE_FAMILY = "1,2";
			};
			name = Debug;
		};
		88DF48D7255CAAF0003E9153 /* Release */ = {
			isa = XCBuildConfiguration;
			buildSettings = {
				ASSETCATALOG_COMPILER_APPICON_NAME = AppIcon;
				ASSETCATALOG_COMPILER_GLOBAL_ACCENT_COLOR_NAME = AccentColor;
				CODE_SIGN_STYLE = Automatic;
				DEVELOPMENT_TEAM = 87N7QPTHS6;
				INFOPLIST_FILE = FitnessApp/Info.plist;
				LD_RUNPATH_SEARCH_PATHS = (
					"$(inherited)",
					"@executable_path/Frameworks",
				);
				PRODUCT_BUNDLE_IDENTIFIER = com.beaxhem.FitnessApp;
				PRODUCT_NAME = "$(TARGET_NAME)";
				SWIFT_VERSION = 5.0;
				TARGETED_DEVICE_FAMILY = "1,2";
			};
			name = Release;
		};
/* End XCBuildConfiguration section */

/* Begin XCConfigurationList section */
		88DF48B9255CAAEB003E9153 /* Build configuration list for PBXProject "FitnessApp" */ = {
			isa = XCConfigurationList;
			buildConfigurations = (
				88DF48D3255CAAF0003E9153 /* Debug */,
				88DF48D4255CAAF0003E9153 /* Release */,
			);
			defaultConfigurationIsVisible = 0;
			defaultConfigurationName = Release;
		};
		88DF48D5255CAAF0003E9153 /* Build configuration list for PBXNativeTarget "FitnessApp" */ = {
			isa = XCConfigurationList;
			buildConfigurations = (
				88DF48D6255CAAF0003E9153 /* Debug */,
				88DF48D7255CAAF0003E9153 /* Release */,
			);
			defaultConfigurationIsVisible = 0;
			defaultConfigurationName = Release;
		};
/* End XCConfigurationList section */

/* Begin XCVersionGroup section */
		88DF48CA255CAAEB003E9153 /* FitnessApp.xcdatamodeld */ = {
			isa = XCVersionGroup;
			children = (
				88DF48CB255CAAEB003E9153 /* FitnessApp.xcdatamodel */,
			);
			currentVersion = 88DF48CB255CAAEB003E9153 /* FitnessApp.xcdatamodel */;
			path = FitnessApp.xcdatamodeld;
			sourceTree = "<group>";
			versionGroupType = wrapper.xcdatamodel;
		};
/* End XCVersionGroup section */
	};
	rootObject = 88DF48B6255CAAEB003E9153 /* Project object */;
}
